[[package]]
name = "nested_example_layer_2"
network = "testnet3"
location = "network"
checksum = "b987b8490b214ad9120a47b218a1c1387c7c2763aaf2aa9c81002a4c7020b3e4"
dependencies = []

[[package]]
name = "nested_example_layer_1"
network = "testnet3"
location = "network"
checksum = "17701f7369fe6bad74cdfb956bd9d85c6753ffedbf43be9fe5a4bfdc1751617b"
dependencies = ["nested_example_layer_2.aleo"]

[[package]]
name = "nested_example_layer_0"
network = "testnet3"
location = "network"
checksum = "23414151de5687d5daa447533109ee810b7e763c4d0659e2f53562123e639b2c"
dependencies = ["nested_example_layer_2.aleo", "nested_example_layer_1.aleo"]

[[package]]
name = "nested"
location = "local"
path = "../nested"
checksum = "6f7f03b9d2700c496bd6eb8b5033ee8f221015d2646c05a97c4150e1523cc82e"
dependencies = ["nested_example_layer_0.aleo"]
