[[package]]
name = "board.aleo"
location = "local"
path = "board"
checksum = "da94274230d0c0c3deb96d80e07ad9db8bbf53264286c14cc3231b7a8b7ef380"
dependencies = []

[[package]]
name = "move.aleo"
location = "local"
path = "move"
checksum = "7d9fef5fe083eb24376e63935855e4ec709c17fb5ee46a0bb4594b0f9ef8eb08"
dependencies = []

[[package]]
name = "verify.aleo"
location = "local"
path = "verify"
checksum = "2c2035ebd70500b7e5a9a6198bed1a1163cd1ddfd09128db8f4c16cf23ad2c62"
dependencies = []
