[[package]]
name = "child"
location = "local"
path = "parent/child"
checksum = "6341f6fcccbfa86b71e0eac445b9d0ee558c74ef896183ee82b456b9e7fb2270"
dependencies = []

[[package]]
name = "parent"
location = "local"
path = "parent"
checksum = "abf40f1784b1e58b97f55322cff031bb36d276d9986bdd8149c2d0cf3829a61e"
dependencies = ["child.aleo"]
